
Microsoft Visual Studio Solution File, Format Version 12.00
# Visual Studio Version 16
VisualStudioVersion = 16.0.33130.400
MinimumVisualStudioVersion = 10.0.40219.1
Project("{FAE04EC0-301F-11D3-BF4B-00C04F79EFBC}") = "First", "First.csproj", "{89649E6A-5963-4C0F-9EF4-C725DD406821}"
EndProject
Global
	GlobalSection(SolutionConfigurationPlatforms) = preSolution
		Debug|Any CPU = Debug|Any CPU
		Release|Any CPU = Release|Any CPU
	EndGlobalSection
	GlobalSection(ProjectConfigurationPlatforms) = postSolution
		{89649E6A-5963-4C0F-9EF4-C725DD406821}.Debug|Any CPU.ActiveCfg = Debug|Any CPU
		{89649E6A-5963-4C0F-9EF4-C725DD406821}.Debug|Any CPU.Build.0 = Debug|Any CPU
		{89649E6A-5963-4C0F-9EF4-C725DD406821}.Release|Any CPU.ActiveCfg = Release|Any CPU
		{89649E6A-5963-4C0F-9EF4-C725DD406821}.Release|Any CPU.Build.0 = Release|Any CPU
	EndGlobalSection
	GlobalSection(SolutionProperties) = preSolution
		HideSolutionNode = FALSE
	EndGlobalSection
	GlobalSection(ExtensibilityGlobals) = postSolution
		SolutionGuid = {26C738D8-7D48-4FC7-B8E4-094D97990FA9}
	EndGlobalSection
EndGlobal
